
Microsoft Visual Studio Solution File, Format Version 12.00
# Visual Studio Version 16
VisualStudioVersion = 16.0.30907.101
MinimumVisualStudioVersion = 10.0.40219.1
Project("{00D1A9C2-B5F0-4AF3-8072-F6C62B433612}") = "EcolePoleDance", "EcolePoleDance\EcolePoleDance.sqlproj", "{F1EAF046-24A3-425B-B8B5-6A1AD8A26F77}"
EndProject
Global
	GlobalSection(SolutionConfigurationPlatforms) = preSolution
		Debug|Any CPU = Debug|Any CPU
		Release|Any CPU = Release|Any CPU
	EndGlobalSection
	GlobalSection(ProjectConfigurationPlatforms) = postSolution
		{F1EAF046-24A3-425B-B8B5-6A1AD8A26F77}.Debug|Any CPU.ActiveCfg = Debug|Any CPU
		{F1EAF046-24A3-425B-B8B5-6A1AD8A26F77}.Debug|Any CPU.Build.0 = Debug|Any CPU
		{F1EAF046-24A3-425B-B8B5-6A1AD8A26F77}.Debug|Any CPU.Deploy.0 = Debug|Any CPU
		{F1EAF046-24A3-425B-B8B5-6A1AD8A26F77}.Release|Any CPU.ActiveCfg = Release|Any CPU
		{F1EAF046-24A3-425B-B8B5-6A1AD8A26F77}.Release|Any CPU.Build.0 = Release|Any CPU
		{F1EAF046-24A3-425B-B8B5-6A1AD8A26F77}.Release|Any CPU.Deploy.0 = Release|Any CPU
	EndGlobalSection
	GlobalSection(SolutionProperties) = preSolution
		HideSolutionNode = FALSE
	EndGlobalSection
	GlobalSection(ExtensibilityGlobals) = postSolution
		SolutionGuid = {36031379-DB9A-4E70-BCF9-8795E6F03CC3}
	EndGlobalSection
EndGlobal
